Microsoft Visual Studio Solution File, Format Version 11.00
# Visual Studio 2008

Project("{27B718A2-EB7B-16BD-D9A8-75685F52A979}") = "2Darcade", "Assembly-CSharp.csproj", "{D5F32EE6-4F22-B8E0-1938-E0E53BB0D189}"
EndProject
Project("{27B718A2-EB7B-16BD-D9A8-75685F52A979}") = "2Darcade", "Assembly-CSharp-Editor.csproj", "{26FEAD4D-BE44-9CCA-2E6A-82CBA559CD33}"
EndProject
Project("{27B718A2-EB7B-16BD-D9A8-75685F52A979}") = "2Darcade", "Assembly-UnityScript.unityproj", "{D98A204D-A299-090F-3C73-B035B98DA8A9}"
EndProject
Global
	GlobalSection(SolutionConfigurationPlatforms) = preSolution
		Debug|Any CPU = Debug|Any CPU
		Release|Any CPU = Release|Any CPU
	EndGlobalSection
	GlobalSection(ProjectConfigurationPlatforms) = postSolution
		{D5F32EE6-4F22-B8E0-1938-E0E53BB0D189}.Debug|Any CPU.ActiveCfg = Debug|Any CPU
		{D5F32EE6-4F22-B8E0-1938-E0E53BB0D189}.Debug|Any CPU.Build.0 = Debug|Any CPU
		{D5F32EE6-4F22-B8E0-1938-E0E53BB0D189}.Release|Any CPU.ActiveCfg = Release|Any CPU
		{D5F32EE6-4F22-B8E0-1938-E0E53BB0D189}.Release|Any CPU.Build.0 = Release|Any CPU
		{26FEAD4D-BE44-9CCA-2E6A-82CBA559CD33}.Debug|Any CPU.ActiveCfg = Debug|Any CPU
		{26FEAD4D-BE44-9CCA-2E6A-82CBA559CD33}.Debug|Any CPU.Build.0 = Debug|Any CPU
		{26FEAD4D-BE44-9CCA-2E6A-82CBA559CD33}.Release|Any CPU.ActiveCfg = Release|Any CPU
		{26FEAD4D-BE44-9CCA-2E6A-82CBA559CD33}.Release|Any CPU.Build.0 = Release|Any CPU
		{D98A204D-A299-090F-3C73-B035B98DA8A9}.Debug|Any CPU.ActiveCfg = Debug|Any CPU
		{D98A204D-A299-090F-3C73-B035B98DA8A9}.Debug|Any CPU.Build.0 = Debug|Any CPU
		{D98A204D-A299-090F-3C73-B035B98DA8A9}.Release|Any CPU.ActiveCfg = Release|Any CPU
		{D98A204D-A299-090F-3C73-B035B98DA8A9}.Release|Any CPU.Build.0 = Release|Any CPU
	EndGlobalSection
	GlobalSection(SolutionProperties) = preSolution
		HideSolutionNode = FALSE
	EndGlobalSection
	GlobalSection(MonoDevelopProperties) = preSolution
		StartupItem = Assembly-CSharp.csproj
	EndGlobalSection
EndGlobal
